
Microsoft Visual Studio Solution File, Format Version 12.00
# Visual Studio Version 17
VisualStudioVersion = 17.6.33829.357
MinimumVisualStudioVersion = 10.0.40219.1
Project("{FAE04EC0-301F-11D3-BF4B-00C04F79EFBC}") = "MinimalDBFirst", "MinimalDBFirst\MinimalDBFirst.csproj", "{09E907CB-9E62-4C89-8E4A-CB4193DF359E}"
EndProject
Global
	GlobalSection(SolutionConfigurationPlatforms) = preSolution
		Debug|Any CPU = Debug|Any CPU
		Release|Any CPU = Release|Any CPU
	EndGlobalSection
	GlobalSection(ProjectConfigurationPlatforms) = postSolution
		{09E907CB-9E62-4C89-8E4A-CB4193DF359E}.Debug|Any CPU.ActiveCfg = Debug|Any CPU
		{09E907CB-9E62-4C89-8E4A-CB4193DF359E}.Debug|Any CPU.Build.0 = Debug|Any CPU
		{09E907CB-9E62-4C89-8E4A-CB4193DF359E}.Release|Any CPU.ActiveCfg = Release|Any CPU
		{09E907CB-9E62-4C89-8E4A-CB4193DF359E}.Release|Any CPU.Build.0 = Release|Any CPU
	EndGlobalSection
	GlobalSection(SolutionProperties) = preSolution
		HideSolutionNode = FALSE
	EndGlobalSection
	GlobalSection(ExtensibilityGlobals) = postSolution
		SolutionGuid = {BCEAACF9-A7C4-4365-B691-702A93D5A566}
	EndGlobalSection
EndGlobal
